
Microsoft Visual Studio Solution File, Format Version 12.00
# Visual Studio Version 17
VisualStudioVersion = 17.0.31912.275
MinimumVisualStudioVersion = 10.0.40219.1
Project("{9A19103F-16F7-4668-BE54-9A1E7A4F7556}") = "MyApp", "MyApp\MyApp.csproj", "{96977AA5-15FB-4A95-87F7-FC57317CC128}"
EndProject
Global
	GlobalSection(SolutionConfigurationPlatforms) = preSolution
		Debug|Any CPU = Debug|Any CPU
		Release|Any CPU = Release|Any CPU
	EndGlobalSection
	GlobalSection(ProjectConfigurationPlatforms) = postSolution
		{96977AA5-15FB-4A95-87F7-FC57317CC128}.Debug|Any CPU.ActiveCfg = Debug|Any CPU
		{96977AA5-15FB-4A95-87F7-FC57317CC128}.Debug|Any CPU.Build.0 = Debug|Any CPU
		{96977AA5-15FB-4A95-87F7-FC57317CC128}.Release|Any CPU.ActiveCfg = Release|Any CPU
		{96977AA5-15FB-4A95-87F7-FC57317CC128}.Release|Any CPU.Build.0 = Release|Any CPU
	EndGlobalSection
	GlobalSection(SolutionProperties) = preSolution
		HideSolutionNode = FALSE
	EndGlobalSection
	GlobalSection(ExtensibilityGlobals) = postSolution
		SolutionGuid = {48D54009-1834-4C50-8A1D-B9BED56B72E7}
	EndGlobalSection
EndGlobal
